github.com/ahenzinger/underhood v0.0.0-20230922182337-f053a81c6385 h1:7nf+HKpy56MoKmsCy0qYhCiWEZsRNt0mLJPfadoWd9g=
github.com/ahenzinger/underhood v0.0.0-20230922182337-f053a81c6385/go.mod h1:NEjUXxfqiXkMwVN8elZwQ8fbBf0iwWoOzQhhpeVlSvE=
github.com/eddableheath/simplepir v0.0.0-20250721103436-f07ae3483bea h1:btLFiyoNjji931b/rE8LFsZLQRfMAS7B6yCX62fuAAE=
github.com/eddableheath/simplepir v0.0.0-20250721103436-f07ae3483bea/go.mod h1:MjO6GIbwhLJi3PNoG2MF4X56opfU67/3S5JeDObhNMU=
github.com/fatih/color v1.15.0 h1:kOqh6YHBtK8aywxGerMG2Eq3H6Qgoqeo13Bk2Mv/nBs=
github.com/fatih/color v1.15.0/go.mod h1:0h5ZqXfHYED7Bhv2ZJamyIOUej9KtShiJESRwBDUSsw=
github.com/mattn/go-colorable v0.1.13 h1:fFA4WZxdEF4tXPZVKMLwD8oUnCTTo08duU7wxecdEvA=
github.com/mattn/go-colorable v0.1.13/go.mod h1:7S9/ev0klgBDR4GtXTXX8a3vIGJpMovkB8vQcUbaXHg=
github.com/mattn/go-isatty v0.0.16/go.mod h1:kYGgaQfpe5nmfYZH+SKPsOc2e4SrIfOl2e/yFXSvRLM=
github.com/mattn/go-isatty v0.0.17 h1:BTarxUcIeDqL27Mc+vyvdWYSL28zpIhv3RoTdsLMPng=
github.com/mattn/go-isatty v0.0.17/go.mod h1:kYGgaQfpe5nmfYZH+SKPsOc2e4SrIfOl2e/yFXSvRLM=
golang.org/x/sys v0.0.0-20220811171246-fbc7d0a398ab/go.mod h1:oPkhp1MJrh7nUepCBck5+mAzfO9JrbApNNgaTdGDITg=
golang.org/x/sys v0.6.0 h1:MVltZSvRTcU2ljQOhs94SXPftV6DCNnZViHeQps87pQ=
golang.org/x/sys v0.6.0/go.mod h1:oPkhp1MJrh7nUepCBck5+mAzfO9JrbApNNgaTdGDITg=
